
Microsoft Visual Studio Solution File, Format Version 12.00
# Visual Studio Version 17
VisualStudioVersion = 17.3.32512.399
MinimumVisualStudioVersion = 10.0.40219.1
Project("{FAE04EC0-301F-11D3-BF4B-00C04F79EFBC}") = "TemplateMAUI", "src\TemplateMAUI\TemplateMAUI.csproj", "{BCBDA962-A226-4AEA-8792-3B8231F6C0DD}"
EndProject
Project("{FAE04EC0-301F-11D3-BF4B-00C04F79EFBC}") = "TemplateMAUI.Gallery", "src\TemplateMAUI.Gallery\TemplateMAUI.Gallery.csproj", "{48A8688C-2C2D-4A3F-B800-1008F8A5FDF1}"
EndProject
Project("{FAE04EC0-301F-11D3-BF4B-00C04F79EFBC}") = "TemplateMAUI.CodeEditor", "TemplateMAUI.CodeEditor\TemplateMAUI.CodeEditor.csproj", "{D898D71C-1187-4C56-A6BF-2A2605389FB5}"
EndProject
Global
	GlobalSection(SolutionConfigurationPlatforms) = preSolution
		Debug|Any CPU = Debug|Any CPU
		Release|Any CPU = Release|Any CPU
	EndGlobalSection
	GlobalSection(ProjectConfigurationPlatforms) = postSolution
		{BCBDA962-A226-4AEA-8792-3B8231F6C0DD}.Debug|Any CPU.ActiveCfg = Debug|Any CPU
		{BCBDA962-A226-4AEA-8792-3B8231F6C0DD}.Debug|Any CPU.Build.0 = Debug|Any CPU
		{BCBDA962-A226-4AEA-8792-3B8231F6C0DD}.Release|Any CPU.ActiveCfg = Release|Any CPU
		{BCBDA962-A226-4AEA-8792-3B8231F6C0DD}.Release|Any CPU.Build.0 = Release|Any CPU
		{48A8688C-2C2D-4A3F-B800-1008F8A5FDF1}.Debug|Any CPU.ActiveCfg = Debug|Any CPU
		{48A8688C-2C2D-4A3F-B800-1008F8A5FDF1}.Debug|Any CPU.Build.0 = Debug|Any CPU
		{48A8688C-2C2D-4A3F-B800-1008F8A5FDF1}.Debug|Any CPU.Deploy.0 = Debug|Any CPU
		{48A8688C-2C2D-4A3F-B800-1008F8A5FDF1}.Release|Any CPU.ActiveCfg = Release|Any CPU
		{48A8688C-2C2D-4A3F-B800-1008F8A5FDF1}.Release|Any CPU.Build.0 = Release|Any CPU
		{48A8688C-2C2D-4A3F-B800-1008F8A5FDF1}.Release|Any CPU.Deploy.0 = Release|Any CPU
		{D898D71C-1187-4C56-A6BF-2A2605389FB5}.Debug|Any CPU.ActiveCfg = Debug|Any CPU
		{D898D71C-1187-4C56-A6BF-2A2605389FB5}.Debug|Any CPU.Build.0 = Debug|Any CPU
		{D898D71C-1187-4C56-A6BF-2A2605389FB5}.Release|Any CPU.ActiveCfg = Release|Any CPU
		{D898D71C-1187-4C56-A6BF-2A2605389FB5}.Release|Any CPU.Build.0 = Release|Any CPU
	EndGlobalSection
	GlobalSection(SolutionProperties) = preSolution
		HideSolutionNode = FALSE
	EndGlobalSection
	GlobalSection(ExtensibilityGlobals) = postSolution
		SolutionGuid = {92710E75-56F8-476B-97F7-2063D213F361}
	EndGlobalSection
EndGlobal
